
Microsoft Visual Studio Solution File, Format Version 12.00
# Visual Studio Version 17
VisualStudioVersion = 17.2.32526.322
MinimumVisualStudioVersion = 10.0.40219.1
Project("{9A19103F-16F7-4668-BE54-9A1E7A4F7556}") = "StorybookGenerator", "..\StorybookGenerator.csproj", "{FAA04EF3-BDB7-4A68-BEA1-DC20034A5F71}"
EndProject
Global
	GlobalSection(SolutionConfigurationPlatforms) = preSolution
		Debug|Any CPU = Debug|Any CPU
		Release|Any CPU = Release|Any CPU
	EndGlobalSection
	GlobalSection(ProjectConfigurationPlatforms) = postSolution
		{FAA04EF3-BDB7-4A68-BEA1-DC20034A5F71}.Debug|Any CPU.ActiveCfg = Debug|Any CPU
		{FAA04EF3-BDB7-4A68-BEA1-DC20034A5F71}.Debug|Any CPU.Build.0 = Debug|Any CPU
		{FAA04EF3-BDB7-4A68-BEA1-DC20034A5F71}.Release|Any CPU.ActiveCfg = Release|Any CPU
		{FAA04EF3-BDB7-4A68-BEA1-DC20034A5F71}.Release|Any CPU.Build.0 = Release|Any CPU
	EndGlobalSection
	GlobalSection(SolutionProperties) = preSolution
		HideSolutionNode = FALSE
	EndGlobalSection
	GlobalSection(ExtensibilityGlobals) = postSolution
		SolutionGuid = {8780A2AF-186B-4A74-A350-7E967D7F5082}
	EndGlobalSection
EndGlobal
